
Microsoft Visual Studio Solution File, Format Version 12.00
# Visual Studio Version 17
VisualStudioVersion = 17.14.36811.4
MinimumVisualStudioVersion = 10.0.40219.1
Project("{FAE04EC0-301F-11D3-BF4B-00C04F79EFBC}") = "DevQuestions.Domain", "DevQuestions\DevQuestions.Domain.csproj", "{62A78D6A-2500-4A6E-90C2-0EF2A5F0CB07}"
EndProject
Project("{FAE04EC0-301F-11D3-BF4B-00C04F79EFBC}") = "WebQuestions.Web", "WebQuestions.Web\WebQuestions.Web.csproj", "{16BE2F50-A982-4C9F-B5DD-6D18ED79B7D0}"
EndProject
Project("{FAE04EC0-301F-11D3-BF4B-00C04F79EFBC}") = "DevQuestions.Presenters", "DevQuestions.Presenters\DevQuestions.Presenters.csproj", "{E785D1DA-AA26-4B24-8437-7EB3841DA8D7}"
EndProject
Project("{2150E333-8FDC-42A3-9474-1A3956D46DE8}") = "SolutionItems", "SolutionItems", "{02EA681E-C7D8-13C7-8484-4AC65E1B71E8}"
	ProjectSection(SolutionItems) = preProject
		.editorconfig = .editorconfig
		Directory.Build.props = Directory.Build.props
	EndProjectSection
EndProject
Project("{FAE04EC0-301F-11D3-BF4B-00C04F79EFBC}") = "DevQuestion.Contracts", "Contracts\DevQuestion.Contracts.csproj", "{E201F153-ED52-472A-9EEE-C5219F6015B1}"
EndProject
Global
	GlobalSection(SolutionConfigurationPlatforms) = preSolution
		Debug|Any CPU = Debug|Any CPU
		Release|Any CPU = Release|Any CPU
	EndGlobalSection
	GlobalSection(ProjectConfigurationPlatforms) = postSolution
		{62A78D6A-2500-4A6E-90C2-0EF2A5F0CB07}.Debug|Any CPU.ActiveCfg = Debug|Any CPU
		{62A78D6A-2500-4A6E-90C2-0EF2A5F0CB07}.Debug|Any CPU.Build.0 = Debug|Any CPU
		{62A78D6A-2500-4A6E-90C2-0EF2A5F0CB07}.Release|Any CPU.ActiveCfg = Release|Any CPU
		{62A78D6A-2500-4A6E-90C2-0EF2A5F0CB07}.Release|Any CPU.Build.0 = Release|Any CPU
		{16BE2F50-A982-4C9F-B5DD-6D18ED79B7D0}.Debug|Any CPU.ActiveCfg = Debug|Any CPU
		{16BE2F50-A982-4C9F-B5DD-6D18ED79B7D0}.Debug|Any CPU.Build.0 = Debug|Any CPU
		{16BE2F50-A982-4C9F-B5DD-6D18ED79B7D0}.Release|Any CPU.ActiveCfg = Release|Any CPU
		{16BE2F50-A982-4C9F-B5DD-6D18ED79B7D0}.Release|Any CPU.Build.0 = Release|Any CPU
		{E785D1DA-AA26-4B24-8437-7EB3841DA8D7}.Debug|Any CPU.ActiveCfg = Debug|Any CPU
		{E785D1DA-AA26-4B24-8437-7EB3841DA8D7}.Debug|Any CPU.Build.0 = Debug|Any CPU
		{E785D1DA-AA26-4B24-8437-7EB3841DA8D7}.Release|Any CPU.ActiveCfg = Release|Any CPU
		{E785D1DA-AA26-4B24-8437-7EB3841DA8D7}.Release|Any CPU.Build.0 = Release|Any CPU
		{E201F153-ED52-472A-9EEE-C5219F6015B1}.Debug|Any CPU.ActiveCfg = Debug|Any CPU
		{E201F153-ED52-472A-9EEE-C5219F6015B1}.Debug|Any CPU.Build.0 = Debug|Any CPU
		{E201F153-ED52-472A-9EEE-C5219F6015B1}.Release|Any CPU.ActiveCfg = Release|Any CPU
		{E201F153-ED52-472A-9EEE-C5219F6015B1}.Release|Any CPU.Build.0 = Release|Any CPU
	EndGlobalSection
	GlobalSection(SolutionProperties) = preSolution
		HideSolutionNode = FALSE
	EndGlobalSection
	GlobalSection(ExtensibilityGlobals) = postSolution
		SolutionGuid = {8A9D6E5F-4BB8-46FE-8BDF-D3B17438CEEB}
	EndGlobalSection
EndGlobal
